
Microsoft Visual Studio Solution File, Format Version 12.00
# Visual Studio 15
Project("{FAE04EC0-301F-11D3-BF4B-00C04F79EFBC}") = "Network Game", "Assembly-CSharp.csproj", "{24BF4ECF-F30D-27F4-A74E-E85722D02170}"
EndProject
Project("{FAE04EC0-301F-11D3-BF4B-00C04F79EFBC}") = "Network Game", "Assembly-CSharp-Editor.csproj", "{BAA3B0AF-8B38-7FC5-FEE8-226778F44236}"
EndProject
Global
	GlobalSection(SolutionConfigurationPlatforms) = preSolution
		Debug|Any CPU = Debug|Any CPU
		Release|Any CPU = Release|Any CPU
	EndGlobalSection
	GlobalSection(ProjectConfigurationPlatforms) = postSolution
		{24BF4ECF-F30D-27F4-A74E-E85722D02170}.Debug|Any CPU.ActiveCfg = Debug|Any CPU
		{24BF4ECF-F30D-27F4-A74E-E85722D02170}.Debug|Any CPU.Build.0 = Debug|Any CPU
		{24BF4ECF-F30D-27F4-A74E-E85722D02170}.Release|Any CPU.ActiveCfg = Release|Any CPU
		{24BF4ECF-F30D-27F4-A74E-E85722D02170}.Release|Any CPU.Build.0 = Release|Any CPU
		{BAA3B0AF-8B38-7FC5-FEE8-226778F44236}.Debug|Any CPU.ActiveCfg = Debug|Any CPU
		{BAA3B0AF-8B38-7FC5-FEE8-226778F44236}.Debug|Any CPU.Build.0 = Debug|Any CPU
		{BAA3B0AF-8B38-7FC5-FEE8-226778F44236}.Release|Any CPU.ActiveCfg = Release|Any CPU
		{BAA3B0AF-8B38-7FC5-FEE8-226778F44236}.Release|Any CPU.Build.0 = Release|Any CPU
	EndGlobalSection
	GlobalSection(SolutionProperties) = preSolution
		HideSolutionNode = FALSE
	EndGlobalSection
EndGlobal
