
Microsoft Visual Studio Solution File, Format Version 12.00
# Visual Studio 2017
Project("{FAE04EC0-301F-11D3-BF4B-00C04F79EFBC}") = "TIC_TAC_TOE", "TIC_TAC_TOE.csproj", "{19499C82-570C-CDDA-8EB1-1385B769F8F3}"
EndProject
Global
	GlobalSection(SolutionConfigurationPlatforms) = preSolution
		Debug|Any CPU = Debug|Any CPU
		Release|Any CPU = Release|Any CPU
	EndGlobalSection
	GlobalSection(ProjectConfigurationPlatforms) = postSolution
		{19499C82-570C-CDDA-8EB1-1385B769F8F3}.Debug|Any CPU.ActiveCfg = Debug|Any CPU
		{19499C82-570C-CDDA-8EB1-1385B769F8F3}.Debug|Any CPU.Build.0 = Debug|Any CPU
		{19499C82-570C-CDDA-8EB1-1385B769F8F3}.Release|Any CPU.ActiveCfg = Release|Any CPU
		{19499C82-570C-CDDA-8EB1-1385B769F8F3}.Release|Any CPU.Build.0 = Release|Any CPU
	EndGlobalSection
	GlobalSection(SolutionProperties) = preSolution
		HideSolutionNode = FALSE
	EndGlobalSection
EndGlobal
